Microsoft Visual Studio Solution File, Format Version 12.00
# Visual Studio Version 17
VisualStudioVersion = 17.5.2.0
MinimumVisualStudioVersion = 10.0.40219.1
Project("{FAE04EC0-301F-11D3-BF4B-00C04F79EFBC}") = "HIS.Desktop.Plugins.HisMachine", "HIS.Desktop.Plugins.HisMachine.csproj", "{56374AB4-AA21-F33B-E9FB-E185B8FC5BE8}"
EndProject
Global
	GlobalSection(SolutionConfigurationPlatforms) = preSolution
		Debug|Any CPU = Debug|Any CPU
		Release|Any CPU = Release|Any CPU
	EndGlobalSection
	GlobalSection(ProjectConfigurationPlatforms) = postSolution
		{56374AB4-AA21-F33B-E9FB-E185B8FC5BE8}.Debug|Any CPU.ActiveCfg = Debug|Any CPU
		{56374AB4-AA21-F33B-E9FB-E185B8FC5BE8}.Debug|Any CPU.Build.0 = Debug|Any CPU
		{56374AB4-AA21-F33B-E9FB-E185B8FC5BE8}.Release|Any CPU.ActiveCfg = Release|Any CPU
		{56374AB4-AA21-F33B-E9FB-E185B8FC5BE8}.Release|Any CPU.Build.0 = Release|Any CPU
	EndGlobalSection
	GlobalSection(SolutionProperties) = preSolution
		HideSolutionNode = FALSE
	EndGlobalSection
	GlobalSection(ExtensibilityGlobals) = postSolution
		SolutionGuid = {C8980098-C477-45CF-A710-957C4E7EE6EE}
	EndGlobalSection
EndGlobal
