
Microsoft Visual Studio Solution File, Format Version 12.00
# Visual Studio 2012
Project("{FAE04EC0-301F-11D3-BF4B-00C04F79EFBC}") = "HIS.Desktop.Plugins.HisImportMediRecordBorrow", "HIS.Desktop.Plugins.HisImportMediRecordBorrow.csproj", "{1CD81E2D-F6A3-48CA-96B1-C495F200F2BB}"
EndProject
Global
	GlobalSection(SolutionConfigurationPlatforms) = preSolution
		Debug|Any CPU = Debug|Any CPU
		Release|Any CPU = Release|Any CPU
	EndGlobalSection
	GlobalSection(ProjectConfigurationPlatforms) = postSolution
		{1CD81E2D-F6A3-48CA-96B1-C495F200F2BB}.Debug|Any CPU.ActiveCfg = Debug|Any CPU
		{1CD81E2D-F6A3-48CA-96B1-C495F200F2BB}.Debug|Any CPU.Build.0 = Debug|Any CPU
		{1CD81E2D-F6A3-48CA-96B1-C495F200F2BB}.Release|Any CPU.ActiveCfg = Release|Any CPU
		{1CD81E2D-F6A3-48CA-96B1-C495F200F2BB}.Release|Any CPU.Build.0 = Release|Any CPU
	EndGlobalSection
	GlobalSection(SolutionProperties) = preSolution
		HideSolutionNode = FALSE
	EndGlobalSection
EndGlobal
