
Microsoft Visual Studio Solution File, Format Version 12.00
# Visual Studio 2012
Project("{FAE04EC0-301F-11D3-BF4B-00C04F79EFBC}") = "HIS.Desktop.MIMS.Integration", "HIS.Desktop.MIMS.Integration.csproj", "{31D53D83-F9E9-44A8-B98B-FD004FD3DCD0}"
EndProject
Project("{FAE04EC0-301F-11D3-BF4B-00C04F79EFBC}") = "HIS.MIMS.WinFormsDemo", "HIS.MIMS.WinFormsDemo\HIS.MIMS.WinFormsDemo\HIS.MIMS.WinFormsDemo.csproj", "{0ED76C13-1D5A-45D5-93DB-63A608FE286B}"
EndProject
Global
	GlobalSection(SolutionConfigurationPlatforms) = preSolution
		Debug|Any CPU = Debug|Any CPU
		Release|Any CPU = Release|Any CPU
	EndGlobalSection
	GlobalSection(ProjectConfigurationPlatforms) = postSolution
		{31D53D83-F9E9-44A8-B98B-FD004FD3DCD0}.Debug|Any CPU.ActiveCfg = Debug|Any CPU
		{31D53D83-F9E9-44A8-B98B-FD004FD3DCD0}.Debug|Any CPU.Build.0 = Debug|Any CPU
		{31D53D83-F9E9-44A8-B98B-FD004FD3DCD0}.Release|Any CPU.ActiveCfg = Release|Any CPU
		{31D53D83-F9E9-44A8-B98B-FD004FD3DCD0}.Release|Any CPU.Build.0 = Release|Any CPU
		{0ED76C13-1D5A-45D5-93DB-63A608FE286B}.Debug|Any CPU.ActiveCfg = Debug|Any CPU
		{0ED76C13-1D5A-45D5-93DB-63A608FE286B}.Debug|Any CPU.Build.0 = Debug|Any CPU
		{0ED76C13-1D5A-45D5-93DB-63A608FE286B}.Release|Any CPU.ActiveCfg = Release|Any CPU
		{0ED76C13-1D5A-45D5-93DB-63A608FE286B}.Release|Any CPU.Build.0 = Release|Any CPU
	EndGlobalSection
	GlobalSection(SolutionProperties) = preSolution
		HideSolutionNode = FALSE
	EndGlobalSection
EndGlobal
