
Microsoft Visual Studio Solution File, Format Version 12.00
# Visual Studio Version 17
VisualStudioVersion = 17.12.35209.166
MinimumVisualStudioVersion = 10.0.40219.1
Project("{FAE04EC0-301F-11D3-BF4B-00C04F79EFBC}") = "HIS.Desktop.Plugins.AssignNoneMediService", "HIS.Desktop.Plugins.AssignNoneMediService.csproj", "{D06529E1-77A1-4FF2-AAB7-ACB5BABD5BEB}"
EndProject
Global
	GlobalSection(SolutionConfigurationPlatforms) = preSolution
		Debug|Any CPU = Debug|Any CPU
		Release|Any CPU = Release|Any CPU
	EndGlobalSection
	GlobalSection(ProjectConfigurationPlatforms) = postSolution
		{D06529E1-77A1-4FF2-AAB7-ACB5BABD5BEB}.Debug|Any CPU.ActiveCfg = Debug|Any CPU
		{D06529E1-77A1-4FF2-AAB7-ACB5BABD5BEB}.Debug|Any CPU.Build.0 = Debug|Any CPU
		{D06529E1-77A1-4FF2-AAB7-ACB5BABD5BEB}.Release|Any CPU.ActiveCfg = Release|Any CPU
		{D06529E1-77A1-4FF2-AAB7-ACB5BABD5BEB}.Release|Any CPU.Build.0 = Release|Any CPU
	EndGlobalSection
	GlobalSection(SolutionProperties) = preSolution
		HideSolutionNode = FALSE
	EndGlobalSection
	GlobalSection(ExtensibilityGlobals) = postSolution
		SolutionGuid = {6EBE7FF0-EEBB-480E-BA7F-207258CC53CA}
	EndGlobalSection
EndGlobal
