Microsoft Visual Studio Solution File, Format Version 12.00
# Visual Studio Version 17
VisualStudioVersion = 17.5.2.0
MinimumVisualStudioVersion = 10.0.40219.1
Project("{FAE04EC0-301F-11D3-BF4B-00C04F79EFBC}") = "HIS.Desktop.Plugins.HisNoneMediService", "HIS.Desktop.Plugins.HisNoneMediService.csproj", "{09AB4D18-14C6-B869-784E-5916F7575B55}"
EndProject
Global
	GlobalSection(SolutionConfigurationPlatforms) = preSolution
		Debug|Any CPU = Debug|Any CPU
		Release|Any CPU = Release|Any CPU
	EndGlobalSection
	GlobalSection(ProjectConfigurationPlatforms) = postSolution
		{09AB4D18-14C6-B869-784E-5916F7575B55}.Debug|Any CPU.ActiveCfg = Debug|Any CPU
		{09AB4D18-14C6-B869-784E-5916F7575B55}.Debug|Any CPU.Build.0 = Debug|Any CPU
		{09AB4D18-14C6-B869-784E-5916F7575B55}.Release|Any CPU.ActiveCfg = Release|Any CPU
		{09AB4D18-14C6-B869-784E-5916F7575B55}.Release|Any CPU.Build.0 = Release|Any CPU
	EndGlobalSection
	GlobalSection(SolutionProperties) = preSolution
		HideSolutionNode = FALSE
	EndGlobalSection
	GlobalSection(ExtensibilityGlobals) = postSolution
		SolutionGuid = {10D6189B-F412-45CC-9F92-0B771199723F}
	EndGlobalSection
EndGlobal
