Microsoft Visual Studio Solution File, Format Version 12.00
# Visual Studio Version 17
VisualStudioVersion = 17.5.2.0
MinimumVisualStudioVersion = 10.0.40219.1
Project("{FAE04EC0-301F-11D3-BF4B-00C04F79EFBC}") = "HIS.Desktop.Plugins.Library.PrintPrescription", "HIS.Desktop.Plugins.Library.PrintPrescription.csproj", "{98DFD9D8-EFAD-BC69-AD5F-619D9BF04E4B}"
EndProject
Global
	GlobalSection(SolutionConfigurationPlatforms) = preSolution
		Debug|Any CPU = Debug|Any CPU
		Release|Any CPU = Release|Any CPU
	EndGlobalSection
	GlobalSection(ProjectConfigurationPlatforms) = postSolution
		{98DFD9D8-EFAD-BC69-AD5F-619D9BF04E4B}.Debug|Any CPU.ActiveCfg = Debug|Any CPU
		{98DFD9D8-EFAD-BC69-AD5F-619D9BF04E4B}.Debug|Any CPU.Build.0 = Debug|Any CPU
		{98DFD9D8-EFAD-BC69-AD5F-619D9BF04E4B}.Release|Any CPU.ActiveCfg = Release|Any CPU
		{98DFD9D8-EFAD-BC69-AD5F-619D9BF04E4B}.Release|Any CPU.Build.0 = Release|Any CPU
	EndGlobalSection
	GlobalSection(SolutionProperties) = preSolution
		HideSolutionNode = FALSE
	EndGlobalSection
	GlobalSection(ExtensibilityGlobals) = postSolution
		SolutionGuid = {3EDEC08E-3B54-4BCB-A7B0-43388AC19E05}
	EndGlobalSection
EndGlobal
