
Microsoft Visual Studio Solution File, Format Version 12.00
# Visual Studio 2012
Project("{FAE04EC0-301F-11D3-BF4B-00C04F79EFBC}") = "His.UC.CreateReport", "His.UC.CreateReport.csproj", "{EFAE3B9C-2AFD-4CC7-8649-6063115B4B58}"
EndProject
Global
	GlobalSection(SolutionConfigurationPlatforms) = preSolution
		Debug|Any CPU = Debug|Any CPU
		Release|Any CPU = Release|Any CPU
	EndGlobalSection
	GlobalSection(ProjectConfigurationPlatforms) = postSolution
		{EFAE3B9C-2AFD-4CC7-8649-6063115B4B58}.Debug|Any CPU.ActiveCfg = Debug|Any CPU
		{EFAE3B9C-2AFD-4CC7-8649-6063115B4B58}.Debug|Any CPU.Build.0 = Debug|Any CPU
		{EFAE3B9C-2AFD-4CC7-8649-6063115B4B58}.Release|Any CPU.ActiveCfg = Release|Any CPU
		{EFAE3B9C-2AFD-4CC7-8649-6063115B4B58}.Release|Any CPU.Build.0 = Release|Any CPU
	EndGlobalSection
	GlobalSection(SolutionProperties) = preSolution
		HideSolutionNode = FALSE
	EndGlobalSection
EndGlobal
